{
  "version": 4,
  "terraform_version": "1.8.5",
  "serial": 3,
  "lineage": "58c9026c-c051-da97-7004-eff52763946a",
  "outputs": {},
  "resources": [
    {
      "mode": "managed",
      "type": "aws_vpc",
      "name": "name",
      "provider": "provider[\"registry.terraform.io/hashicorp/aws\"]",
      "instances": [
        {
          "schema_version": 1,
          "attributes": {
            "arn": "arn:aws:ec2:eu-west-1:850480876735:vpc/vpc-0cc2efbf8367279a6",
            "assign_generated_ipv6_cidr_block": false,
            "cidr_block": "10.0.0.0/16",
            "default_network_acl_id": "acl-0f3b8a11c5fb0ca40",
            "default_route_table_id": "rtb-04fb45b097581461a",
            "default_security_group_id": "sg-0f5cd1c7ad7eff08f",
            "dhcp_options_id": "dopt-07e84d8a51757ceb7",
            "enable_dns_hostnames": false,
            "enable_dns_support": true,
            "enable_network_address_usage_metrics": false,
            "id": "vpc-0cc2efbf8367279a6",
            "instance_tenancy": "default",
            "ipv4_ipam_pool_id": null,
            "ipv4_netmask_length": null,
            "ipv6_association_id": "",
            "ipv6_cidr_block": "",
            "ipv6_cidr_block_network_border_group": "",
            "ipv6_ipam_pool_id": "",
            "ipv6_netmask_length": 0,
            "main_route_table_id": "rtb-04fb45b097581461a",
            "owner_id": "850480876735",
            "tags": {
              "Name": "dor12-miroslaw-kluz"
            },
            "tags_all": {
              "Name": "dor12-miroslaw-kluz"
            }
          },
          "sensitive_attributes": [],
          "private": "eyJzY2hlbWFfdmVyc2lvbiI6IjEifQ=="
        }
      ]
    }
  ],
  "check_results": null
}
